
Microsoft Visual Studio Solution File, Format Version 12.00
# Visual Studio 2013
VisualStudioVersion = 12.0.21005.1
MinimumVisualStudioVersion = 10.0.40219.1
Project("{FAE04EC0-301F-11D3-BF4B-00C04F79EFBC}") = "Skylark", "Skylark.csproj", "{D2B8C41F-655D-458B-82C7-9BC1E073B306}"
EndProject
Project("{FAE04EC0-301F-11D3-BF4B-00C04F79EFBC}") = "BackgroundRunner", "BackgroundRunner\BackgroundRunner.csproj", "{564ABC5E-92D6-44E7-A5D3-F89A6B5972BB}"
EndProject
Global
	GlobalSection(SolutionConfigurationPlatforms) = preSolution
		Release|x86 = Release|x86
	EndGlobalSection
	GlobalSection(ProjectConfigurationPlatforms) = postSolution
		{D2B8C41F-655D-458B-82C7-9BC1E073B306}.Release|x86.ActiveCfg = Release|Any CPU
		{D2B8C41F-655D-458B-82C7-9BC1E073B306}.Release|x86.Build.0 = Release|Any CPU
		{564ABC5E-92D6-44E7-A5D3-F89A6B5972BB}.Release|x86.ActiveCfg = Release|x86
		{564ABC5E-92D6-44E7-A5D3-F89A6B5972BB}.Release|x86.Build.0 = Release|x86
	EndGlobalSection
	GlobalSection(SolutionProperties) = preSolution
		HideSolutionNode = FALSE
	EndGlobalSection
EndGlobal
