
Microsoft Visual Studio Solution File, Format Version 12.00
# Visual Studio 2012
Project("{FAE04EC0-301F-11D3-BF4B-00C04F79EFBC}") = "Skylark", "Skylark.csproj", "{D2B8C41F-655D-458B-82C7-9BC1E073B306}"
EndProject
Project("{FAE04EC0-301F-11D3-BF4B-00C04F79EFBC}") = "MygodOfflineDownloader", "Subprojects\MygodOfflineDownloader\MygodOfflineDownloader.csproj", "{C7C4CE76-4902-4240-9CFA-05632790A1AB}"
EndProject
Global
	GlobalSection(SolutionConfigurationPlatforms) = preSolution
		Debug|Any CPU = Debug|Any CPU
		Release|Any CPU = Release|Any CPU
	EndGlobalSection
	GlobalSection(ProjectConfigurationPlatforms) = postSolution
		{D2B8C41F-655D-458B-82C7-9BC1E073B306}.Debug|Any CPU.ActiveCfg = Debug|Any CPU
		{D2B8C41F-655D-458B-82C7-9BC1E073B306}.Debug|Any CPU.Build.0 = Debug|Any CPU
		{D2B8C41F-655D-458B-82C7-9BC1E073B306}.Release|Any CPU.ActiveCfg = Release|Any CPU
		{D2B8C41F-655D-458B-82C7-9BC1E073B306}.Release|Any CPU.Build.0 = Release|Any CPU
		{C7C4CE76-4902-4240-9CFA-05632790A1AB}.Debug|Any CPU.ActiveCfg = Debug|Any CPU
		{C7C4CE76-4902-4240-9CFA-05632790A1AB}.Debug|Any CPU.Build.0 = Debug|Any CPU
		{C7C4CE76-4902-4240-9CFA-05632790A1AB}.Release|Any CPU.ActiveCfg = Release|Any CPU
		{C7C4CE76-4902-4240-9CFA-05632790A1AB}.Release|Any CPU.Build.0 = Release|Any CPU
	EndGlobalSection
	GlobalSection(SolutionProperties) = preSolution
		HideSolutionNode = FALSE
	EndGlobalSection
EndGlobal
